
Microsoft Visual Studio Solution File, Format Version 12.00
# Visual Studio 15
VisualStudioVersion = 15.0.28307.168
MinimumVisualStudioVersion = 10.0.40219.1
Project("{FAE04EC0-301F-11D3-BF4B-00C04F79EFBC}") = "TorsionTools", "Revit 2020 Add-In\TorsionTools.csproj", "{1C32917D-CBF9-45E1-874D-4B393E7BE4A9}"
EndProject
Project("{54435603-DBB4-11D2-8724-00A0C9A8B90C}") = "RevitTorsionTools", "RevitTorsionTools\RevitTorsionTools.vdproj", "{73D8A9F7-67CE-4E06-A7FF-7F6BA57BE666}"
EndProject
Global
	GlobalSection(SolutionConfigurationPlatforms) = preSolution
		Debug|Any CPU = Debug|Any CPU
		Release|Any CPU = Release|Any CPU
	EndGlobalSection
	GlobalSection(ProjectConfigurationPlatforms) = postSolution
		{1C32917D-CBF9-45E1-874D-4B393E7BE4A9}.Debug|Any CPU.ActiveCfg = Debug|Any CPU
		{1C32917D-CBF9-45E1-874D-4B393E7BE4A9}.Debug|Any CPU.Build.0 = Debug|Any CPU
		{1C32917D-CBF9-45E1-874D-4B393E7BE4A9}.Release|Any CPU.ActiveCfg = Release|Any CPU
		{1C32917D-CBF9-45E1-874D-4B393E7BE4A9}.Release|Any CPU.Build.0 = Release|Any CPU
		{73D8A9F7-67CE-4E06-A7FF-7F6BA57BE666}.Debug|Any CPU.ActiveCfg = Debug
		{73D8A9F7-67CE-4E06-A7FF-7F6BA57BE666}.Debug|Any CPU.Build.0 = Debug
		{73D8A9F7-67CE-4E06-A7FF-7F6BA57BE666}.Release|Any CPU.ActiveCfg = Release
	EndGlobalSection
	GlobalSection(SolutionProperties) = preSolution
		HideSolutionNode = FALSE
	EndGlobalSection
	GlobalSection(ExtensibilityGlobals) = postSolution
		SolutionGuid = {19D706E9-DADC-4BB7-95D2-1904F9DF4393}
	EndGlobalSection
EndGlobal
